
Microsoft Visual Studio Solution File, Format Version 12.00
# Visual Studio 2012
Project("{2150E333-8FDC-42A3-9474-1A3956D46DE8}") = ".nuget", ".nuget", "{EB8FBBD7-F915-47AF-9931-D39E0D9E1D28}"
	ProjectSection(SolutionItems) = preProject
		.nuget\NuGet.Config = .nuget\NuGet.Config
		.nuget\NuGet.exe = .nuget\NuGet.exe
		.nuget\NuGet.targets = .nuget\NuGet.targets
	EndProjectSection
EndProject
Project("{FAE04EC0-301F-11D3-BF4B-00C04F79EFBC}") = "GoodlyFere.NServiceBus.EntityFramework", "GoodlyFere.NServiceBus.EntityFramework\GoodlyFere.NServiceBus.EntityFramework.csproj", "{95F5CD25-2298-4BE4-BAB4-25A1A4DE1B87}"
EndProject
Project("{FAE04EC0-301F-11D3-BF4B-00C04F79EFBC}") = "GoodlyFere.NServiceBus.EntityFramework.Tests", "GoodlyFere.NServiceBus.EntityFramework.Tests\GoodlyFere.NServiceBus.EntityFramework.Tests.csproj", "{63E6885F-549B-45B6-8B9B-8838B8DF1387}"
EndProject
Global
	GlobalSection(SolutionConfigurationPlatforms) = preSolution
		Debug|Any CPU = Debug|Any CPU
		Release|Any CPU = Release|Any CPU
	EndGlobalSection
	GlobalSection(ProjectConfigurationPlatforms) = postSolution
		{95F5CD25-2298-4BE4-BAB4-25A1A4DE1B87}.Debug|Any CPU.ActiveCfg = Debug|Any CPU
		{95F5CD25-2298-4BE4-BAB4-25A1A4DE1B87}.Debug|Any CPU.Build.0 = Debug|Any CPU
		{95F5CD25-2298-4BE4-BAB4-25A1A4DE1B87}.Release|Any CPU.ActiveCfg = Release|Any CPU
		{95F5CD25-2298-4BE4-BAB4-25A1A4DE1B87}.Release|Any CPU.Build.0 = Release|Any CPU
		{63E6885F-549B-45B6-8B9B-8838B8DF1387}.Debug|Any CPU.ActiveCfg = Debug|Any CPU
		{63E6885F-549B-45B6-8B9B-8838B8DF1387}.Debug|Any CPU.Build.0 = Debug|Any CPU
		{63E6885F-549B-45B6-8B9B-8838B8DF1387}.Release|Any CPU.ActiveCfg = Release|Any CPU
	EndGlobalSection
	GlobalSection(SolutionProperties) = preSolution
		HideSolutionNode = FALSE
	EndGlobalSection
	GlobalSection(ExtensibilityGlobals) = postSolution
		EnterpriseLibraryConfigurationToolBinariesPathV6 = packages\EnterpriseLibrary.Common.6.0.1304.0\lib\NET45;packages\EnterpriseLibrary.Validation.6.0.1304.0\lib\NET45
	EndGlobalSection
EndGlobal
